
Microsoft Visual Studio Solution File, Format Version 12.00
# Visual Studio 14
VisualStudioVersion = 14.0.24720.0
MinimumVisualStudioVersion = 10.0.40219.1
Project("{FAE04EC0-301F-11D3-BF4B-00C04F79EFBC}") = "KeyStore", "KeyStore\KeyStore.csproj", "{29D16FB7-46EA-4A70-9AE6-36F9DFA80BEE}"
	ProjectSection(ProjectDependencies) = postProject
		{262C339D-4ED3-4C7C-9D66-E87F5ABEAA48} = {262C339D-4ED3-4C7C-9D66-E87F5ABEAA48}
	EndProjectSection
EndProject
Project("{FAE04EC0-301F-11D3-BF4B-00C04F79EFBC}") = "KeyStore.Tests", "KeyStore.Tests\KeyStore.Tests.csproj", "{0CBC1898-7D1F-43D5-BD48-7E3820E2219C}"
EndProject
Project("{FAE04EC0-301F-11D3-BF4B-00C04F79EFBC}") = "FidoU2f", "FidoU2f\FidoU2f.csproj", "{262C339D-4ED3-4C7C-9D66-E87F5ABEAA48}"
EndProject
Project("{2150E333-8FDC-42A3-9474-1A3956D46DE8}") = "Solution Items", "Solution Items", "{583A8F70-3C59-40B7-BE13-D47C335E3B28}"
	ProjectSection(SolutionItems) = preProject
		Graph1.dgml = Graph1.dgml
	EndProjectSection
EndProject
Global
	GlobalSection(SolutionConfigurationPlatforms) = preSolution
		Debug|Any CPU = Debug|Any CPU
		Release|Any CPU = Release|Any CPU
	EndGlobalSection
	GlobalSection(ProjectConfigurationPlatforms) = postSolution
		{29D16FB7-46EA-4A70-9AE6-36F9DFA80BEE}.Debug|Any CPU.ActiveCfg = Debug|Any CPU
		{29D16FB7-46EA-4A70-9AE6-36F9DFA80BEE}.Debug|Any CPU.Build.0 = Debug|Any CPU
		{29D16FB7-46EA-4A70-9AE6-36F9DFA80BEE}.Release|Any CPU.ActiveCfg = Release|Any CPU
		{29D16FB7-46EA-4A70-9AE6-36F9DFA80BEE}.Release|Any CPU.Build.0 = Release|Any CPU
		{0CBC1898-7D1F-43D5-BD48-7E3820E2219C}.Debug|Any CPU.ActiveCfg = Debug|Any CPU
		{0CBC1898-7D1F-43D5-BD48-7E3820E2219C}.Debug|Any CPU.Build.0 = Debug|Any CPU
		{0CBC1898-7D1F-43D5-BD48-7E3820E2219C}.Release|Any CPU.ActiveCfg = Release|Any CPU
		{0CBC1898-7D1F-43D5-BD48-7E3820E2219C}.Release|Any CPU.Build.0 = Release|Any CPU
		{262C339D-4ED3-4C7C-9D66-E87F5ABEAA48}.Debug|Any CPU.ActiveCfg = Debug|Any CPU
		{262C339D-4ED3-4C7C-9D66-E87F5ABEAA48}.Debug|Any CPU.Build.0 = Debug|Any CPU
		{262C339D-4ED3-4C7C-9D66-E87F5ABEAA48}.Release|Any CPU.ActiveCfg = Release|Any CPU
		{262C339D-4ED3-4C7C-9D66-E87F5ABEAA48}.Release|Any CPU.Build.0 = Release|Any CPU
	EndGlobalSection
	GlobalSection(SolutionProperties) = preSolution
		HideSolutionNode = FALSE
	EndGlobalSection
EndGlobal
